
Microsoft Visual Studio Solution File, Format Version 12.00
# Visual Studio Version 17
VisualStudioVersion = 17.0.31919.166
MinimumVisualStudioVersion = 10.0.40219.1
Project("{FAE04EC0-301F-11D3-BF4B-00C04F79EFBC}") = "eleição", "eleição\eleição.csproj", "{37898ACD-7A03-48CD-BCCF-C8EBC6E83DE4}"
EndProject
Global
	GlobalSection(SolutionConfigurationPlatforms) = preSolution
		Debug|Any CPU = Debug|Any CPU
		Release|Any CPU = Release|Any CPU
	EndGlobalSection
	GlobalSection(ProjectConfigurationPlatforms) = postSolution
		{37898ACD-7A03-48CD-BCCF-C8EBC6E83DE4}.Debug|Any CPU.ActiveCfg = Debug|Any CPU
		{37898ACD-7A03-48CD-BCCF-C8EBC6E83DE4}.Debug|Any CPU.Build.0 = Debug|Any CPU
		{37898ACD-7A03-48CD-BCCF-C8EBC6E83DE4}.Release|Any CPU.ActiveCfg = Release|Any CPU
		{37898ACD-7A03-48CD-BCCF-C8EBC6E83DE4}.Release|Any CPU.Build.0 = Release|Any CPU
	EndGlobalSection
	GlobalSection(SolutionProperties) = preSolution
		HideSolutionNode = FALSE
	EndGlobalSection
	GlobalSection(ExtensibilityGlobals) = postSolution
		SolutionGuid = {A17540B8-E24A-44B2-A585-0D2DD404A185}
	EndGlobalSection
EndGlobal
